
Microsoft Visual Studio Solution File, Format Version 12.00
# Visual Studio Version 16
VisualStudioVersion = 16.0.31911.196
MinimumVisualStudioVersion = 10.0.40219.1
Project("{9A19103F-16F7-4668-BE54-9A1E7A4F7556}") = "D01", "D01\D01.csproj", "{BEA62D42-729B-43E0-8C97-047CE4437857}"
EndProject
Project("{9A19103F-16F7-4668-BE54-9A1E7A4F7556}") = "D02", "D02\D02.csproj", "{FABBDE66-AFF8-4C01-A615-C37E5EE122F5}"
EndProject
Project("{9A19103F-16F7-4668-BE54-9A1E7A4F7556}") = "D03", "D03\D03.csproj", "{1B73E6DE-A60D-4CB0-8CDC-925AEBA4E221}"
EndProject
Project("{9A19103F-16F7-4668-BE54-9A1E7A4F7556}") = "D04", "D04\D04.csproj", "{E95553EA-C3EC-41DF-AAB3-6C23C8F06A47}"
EndProject
Project("{9A19103F-16F7-4668-BE54-9A1E7A4F7556}") = "D05", "D05\D05.csproj", "{D6FA87DD-746B-463C-A2D2-5EA8BB6A6F8A}"
EndProject
Project("{9A19103F-16F7-4668-BE54-9A1E7A4F7556}") = "D06", "D06\D06.csproj", "{642A48F4-C7CD-4E48-ACA5-FFE1062F8858}"
EndProject
Project("{9A19103F-16F7-4668-BE54-9A1E7A4F7556}") = "D07", "D07\D07.csproj", "{3AD81F0C-7E15-46F2-86CD-D40A245A4806}"
EndProject
Project("{9A19103F-16F7-4668-BE54-9A1E7A4F7556}") = "D08", "D08\D08.csproj", "{7BB358B6-410D-454B-97B0-8BF280D6AF9B}"
EndProject
Project("{9A19103F-16F7-4668-BE54-9A1E7A4F7556}") = "D09", "D09\D09.csproj", "{F62E4D39-A248-4673-AEE3-D640B8D39FFA}"
EndProject
Project("{9A19103F-16F7-4668-BE54-9A1E7A4F7556}") = "D10", "D10\D10.csproj", "{18D1011A-4747-4BBF-B2D2-15A26389AB00}"
EndProject
Project("{9A19103F-16F7-4668-BE54-9A1E7A4F7556}") = "D11", "D11\D11.csproj", "{D9D2A0FF-880C-4C6E-A897-D495F6FF6B3A}"
EndProject
Project("{FAE04EC0-301F-11D3-BF4B-00C04F79EFBC}") = "D12", "D12\D12.csproj", "{979894FE-31CC-47BA-9E2B-0FAC317F1620}"
EndProject
Global
	GlobalSection(SolutionConfigurationPlatforms) = preSolution
		Debug|Any CPU = Debug|Any CPU
		Release|Any CPU = Release|Any CPU
	EndGlobalSection
	GlobalSection(ProjectConfigurationPlatforms) = postSolution
		{BEA62D42-729B-43E0-8C97-047CE4437857}.Debug|Any CPU.ActiveCfg = Debug|Any CPU
		{BEA62D42-729B-43E0-8C97-047CE4437857}.Debug|Any CPU.Build.0 = Debug|Any CPU
		{BEA62D42-729B-43E0-8C97-047CE4437857}.Release|Any CPU.ActiveCfg = Release|Any CPU
		{BEA62D42-729B-43E0-8C97-047CE4437857}.Release|Any CPU.Build.0 = Release|Any CPU
		{FABBDE66-AFF8-4C01-A615-C37E5EE122F5}.Debug|Any CPU.ActiveCfg = Debug|Any CPU
		{FABBDE66-AFF8-4C01-A615-C37E5EE122F5}.Debug|Any CPU.Build.0 = Debug|Any CPU
		{FABBDE66-AFF8-4C01-A615-C37E5EE122F5}.Release|Any CPU.ActiveCfg = Release|Any CPU
		{FABBDE66-AFF8-4C01-A615-C37E5EE122F5}.Release|Any CPU.Build.0 = Release|Any CPU
		{1B73E6DE-A60D-4CB0-8CDC-925AEBA4E221}.Debug|Any CPU.ActiveCfg = Debug|Any CPU
		{1B73E6DE-A60D-4CB0-8CDC-925AEBA4E221}.Debug|Any CPU.Build.0 = Debug|Any CPU
		{1B73E6DE-A60D-4CB0-8CDC-925AEBA4E221}.Release|Any CPU.ActiveCfg = Release|Any CPU
		{1B73E6DE-A60D-4CB0-8CDC-925AEBA4E221}.Release|Any CPU.Build.0 = Release|Any CPU
		{E95553EA-C3EC-41DF-AAB3-6C23C8F06A47}.Debug|Any CPU.ActiveCfg = Debug|Any CPU
		{E95553EA-C3EC-41DF-AAB3-6C23C8F06A47}.Debug|Any CPU.Build.0 = Debug|Any CPU
		{E95553EA-C3EC-41DF-AAB3-6C23C8F06A47}.Release|Any CPU.ActiveCfg = Release|Any CPU
		{E95553EA-C3EC-41DF-AAB3-6C23C8F06A47}.Release|Any CPU.Build.0 = Release|Any CPU
		{D6FA87DD-746B-463C-A2D2-5EA8BB6A6F8A}.Debug|Any CPU.ActiveCfg = Debug|Any CPU
		{D6FA87DD-746B-463C-A2D2-5EA8BB6A6F8A}.Debug|Any CPU.Build.0 = Debug|Any CPU
		{D6FA87DD-746B-463C-A2D2-5EA8BB6A6F8A}.Release|Any CPU.ActiveCfg = Release|Any CPU
		{D6FA87DD-746B-463C-A2D2-5EA8BB6A6F8A}.Release|Any CPU.Build.0 = Release|Any CPU
		{642A48F4-C7CD-4E48-ACA5-FFE1062F8858}.Debug|Any CPU.ActiveCfg = Debug|Any CPU
		{642A48F4-C7CD-4E48-ACA5-FFE1062F8858}.Debug|Any CPU.Build.0 = Debug|Any CPU
		{642A48F4-C7CD-4E48-ACA5-FFE1062F8858}.Release|Any CPU.ActiveCfg = Release|Any CPU
		{642A48F4-C7CD-4E48-ACA5-FFE1062F8858}.Release|Any CPU.Build.0 = Release|Any CPU
		{3AD81F0C-7E15-46F2-86CD-D40A245A4806}.Debug|Any CPU.ActiveCfg = Debug|Any CPU
		{3AD81F0C-7E15-46F2-86CD-D40A245A4806}.Debug|Any CPU.Build.0 = Debug|Any CPU
		{3AD81F0C-7E15-46F2-86CD-D40A245A4806}.Release|Any CPU.ActiveCfg = Release|Any CPU
		{3AD81F0C-7E15-46F2-86CD-D40A245A4806}.Release|Any CPU.Build.0 = Release|Any CPU
		{7BB358B6-410D-454B-97B0-8BF280D6AF9B}.Debug|Any CPU.ActiveCfg = Debug|Any CPU
		{7BB358B6-410D-454B-97B0-8BF280D6AF9B}.Debug|Any CPU.Build.0 = Debug|Any CPU
		{7BB358B6-410D-454B-97B0-8BF280D6AF9B}.Release|Any CPU.ActiveCfg = Release|Any CPU
		{7BB358B6-410D-454B-97B0-8BF280D6AF9B}.Release|Any CPU.Build.0 = Release|Any CPU
		{F62E4D39-A248-4673-AEE3-D640B8D39FFA}.Debug|Any CPU.ActiveCfg = Debug|Any CPU
		{F62E4D39-A248-4673-AEE3-D640B8D39FFA}.Debug|Any CPU.Build.0 = Debug|Any CPU
		{F62E4D39-A248-4673-AEE3-D640B8D39FFA}.Release|Any CPU.ActiveCfg = Release|Any CPU
		{F62E4D39-A248-4673-AEE3-D640B8D39FFA}.Release|Any CPU.Build.0 = Release|Any CPU
		{18D1011A-4747-4BBF-B2D2-15A26389AB00}.Debug|Any CPU.ActiveCfg = Debug|Any CPU
		{18D1011A-4747-4BBF-B2D2-15A26389AB00}.Debug|Any CPU.Build.0 = Debug|Any CPU
		{18D1011A-4747-4BBF-B2D2-15A26389AB00}.Release|Any CPU.ActiveCfg = Release|Any CPU
		{18D1011A-4747-4BBF-B2D2-15A26389AB00}.Release|Any CPU.Build.0 = Release|Any CPU
		{D9D2A0FF-880C-4C6E-A897-D495F6FF6B3A}.Debug|Any CPU.ActiveCfg = Debug|Any CPU
		{D9D2A0FF-880C-4C6E-A897-D495F6FF6B3A}.Debug|Any CPU.Build.0 = Debug|Any CPU
		{D9D2A0FF-880C-4C6E-A897-D495F6FF6B3A}.Release|Any CPU.ActiveCfg = Release|Any CPU
		{D9D2A0FF-880C-4C6E-A897-D495F6FF6B3A}.Release|Any CPU.Build.0 = Release|Any CPU
		{979894FE-31CC-47BA-9E2B-0FAC317F1620}.Debug|Any CPU.ActiveCfg = Debug|Any CPU
		{979894FE-31CC-47BA-9E2B-0FAC317F1620}.Debug|Any CPU.Build.0 = Debug|Any CPU
		{979894FE-31CC-47BA-9E2B-0FAC317F1620}.Release|Any CPU.ActiveCfg = Release|Any CPU
		{979894FE-31CC-47BA-9E2B-0FAC317F1620}.Release|Any CPU.Build.0 = Release|Any CPU
	EndGlobalSection
	GlobalSection(SolutionProperties) = preSolution
		HideSolutionNode = FALSE
	EndGlobalSection
	GlobalSection(ExtensibilityGlobals) = postSolution
		SolutionGuid = {0E960560-FB90-49C1-A4CB-EC28FF3634DA}
	EndGlobalSection
EndGlobal
